
Microsoft Visual Studio Solution File, Format Version 12.00
# Visual Studio Version 17
VisualStudioVersion = 17.8.34525.116
MinimumVisualStudioVersion = 10.0.40219.1
Project("{FAE04EC0-301F-11D3-BF4B-00C04F79EFBC}") = "Laboratorio1", "Laboratorio1.csproj", "{C8C41F86-4AA6-4E4D-BDCC-71379A5403EB}"
EndProject
Global
	GlobalSection(SolutionConfigurationPlatforms) = preSolution
		Debug|Any CPU = Debug|Any CPU
		Release|Any CPU = Release|Any CPU
	EndGlobalSection
	GlobalSection(ProjectConfigurationPlatforms) = postSolution
		{C8C41F86-4AA6-4E4D-BDCC-71379A5403EB}.Debug|Any CPU.ActiveCfg = Debug|Any CPU
		{C8C41F86-4AA6-4E4D-BDCC-71379A5403EB}.Debug|Any CPU.Build.0 = Debug|Any CPU
		{C8C41F86-4AA6-4E4D-BDCC-71379A5403EB}.Release|Any CPU.ActiveCfg = Release|Any CPU
		{C8C41F86-4AA6-4E4D-BDCC-71379A5403EB}.Release|Any CPU.Build.0 = Release|Any CPU
	EndGlobalSection
	GlobalSection(SolutionProperties) = preSolution
		HideSolutionNode = FALSE
	EndGlobalSection
	GlobalSection(ExtensibilityGlobals) = postSolution
		SolutionGuid = {6ABEED9F-8BC3-467F-8374-859DC0BF8F1F}
	EndGlobalSection
EndGlobal
